
Microsoft Visual Studio Solution File, Format Version 12.00
# Visual Studio Version 16
VisualStudioVersion = 16.0.31624.102
MinimumVisualStudioVersion = 10.0.40219.1
Project("{FAE04EC0-301F-11D3-BF4B-00C04F79EFBC}") = "SWII6_TP1", "SWII6_TP1\SWII6_TP1.csproj", "{31DB79BD-739C-47B5-A07E-1649BFC5A732}"
EndProject
Global
	GlobalSection(SolutionConfigurationPlatforms) = preSolution
		Debug|Any CPU = Debug|Any CPU
		Release|Any CPU = Release|Any CPU
	EndGlobalSection
	GlobalSection(ProjectConfigurationPlatforms) = postSolution
		{31DB79BD-739C-47B5-A07E-1649BFC5A732}.Debug|Any CPU.ActiveCfg = Debug|Any CPU
		{31DB79BD-739C-47B5-A07E-1649BFC5A732}.Debug|Any CPU.Build.0 = Debug|Any CPU
		{31DB79BD-739C-47B5-A07E-1649BFC5A732}.Release|Any CPU.ActiveCfg = Release|Any CPU
		{31DB79BD-739C-47B5-A07E-1649BFC5A732}.Release|Any CPU.Build.0 = Release|Any CPU
	EndGlobalSection
	GlobalSection(SolutionProperties) = preSolution
		HideSolutionNode = FALSE
	EndGlobalSection
	GlobalSection(ExtensibilityGlobals) = postSolution
		SolutionGuid = {173FD69B-E973-41D5-847E-4F884F28CFC1}
	EndGlobalSection
EndGlobal
